
Microsoft Visual Studio Solution File, Format Version 12.00
# Visual Studio 15
VisualStudioVersion = 15.0.27703.2035
MinimumVisualStudioVersion = 10.0.40219.1
Project("{FAE04EC0-301F-11D3-BF4B-00C04F79EFBC}") = "SharpRSA", "SharpRSA\SharpRSA.csproj", "{C6113F4E-B3DE-4E71-8B55-5F8F107231C7}"
EndProject
Global
	GlobalSection(SolutionConfigurationPlatforms) = preSolution
		Debug|Any CPU = Debug|Any CPU
		Release|Any CPU = Release|Any CPU
	EndGlobalSection
	GlobalSection(ProjectConfigurationPlatforms) = postSolution
		{C6113F4E-B3DE-4E71-8B55-5F8F107231C7}.Debug|Any CPU.ActiveCfg = Debug|Any CPU
		{C6113F4E-B3DE-4E71-8B55-5F8F107231C7}.Debug|Any CPU.Build.0 = Debug|Any CPU
		{C6113F4E-B3DE-4E71-8B55-5F8F107231C7}.Release|Any CPU.ActiveCfg = Release|Any CPU
		{C6113F4E-B3DE-4E71-8B55-5F8F107231C7}.Release|Any CPU.Build.0 = Release|Any CPU
	EndGlobalSection
	GlobalSection(SolutionProperties) = preSolution
		HideSolutionNode = FALSE
	EndGlobalSection
	GlobalSection(ExtensibilityGlobals) = postSolution
		SolutionGuid = {BCED2DCF-99C8-4511-AF89-513A215C671A}
	EndGlobalSection
EndGlobal
